
Microsoft Visual Studio Solution File, Format Version 12.00
# Visual Studio Version 16
VisualStudioVersion = 16.0.32510.428
MinimumVisualStudioVersion = 10.0.40219.1
Project("{FAE04EC0-301F-11D3-BF4B-00C04F79EFBC}") = "AlemDaEntrega", "AlemDaEntrega.csproj", "{2901B167-F672-4F1F-99D2-980459370B19}"
EndProject
Global
	GlobalSection(SolutionConfigurationPlatforms) = preSolution
		Debug|Any CPU = Debug|Any CPU
		Release|Any CPU = Release|Any CPU
	EndGlobalSection
	GlobalSection(ProjectConfigurationPlatforms) = postSolution
		{2901B167-F672-4F1F-99D2-980459370B19}.Debug|Any CPU.ActiveCfg = Debug|Any CPU
		{2901B167-F672-4F1F-99D2-980459370B19}.Debug|Any CPU.Build.0 = Debug|Any CPU
		{2901B167-F672-4F1F-99D2-980459370B19}.Release|Any CPU.ActiveCfg = Release|Any CPU
		{2901B167-F672-4F1F-99D2-980459370B19}.Release|Any CPU.Build.0 = Release|Any CPU
	EndGlobalSection
	GlobalSection(SolutionProperties) = preSolution
		HideSolutionNode = FALSE
	EndGlobalSection
	GlobalSection(ExtensibilityGlobals) = postSolution
		SolutionGuid = {FF6E32C6-D255-4252-812A-5F54A8D4F427}
	EndGlobalSection
EndGlobal
